
Microsoft Visual Studio Solution File, Format Version 12.00
# Visual Studio Version 17
VisualStudioVersion = 17.3.32825.248
MinimumVisualStudioVersion = 10.0.40219.1
Project("{FAE04EC0-301F-11D3-BF4B-00C04F79EFBC}") = "RentalProperties", "RentalProperties.csproj", "{52273307-6A01-4850-A5CD-48E923001A82}"
EndProject
Global
	GlobalSection(SolutionConfigurationPlatforms) = preSolution
		Debug|Any CPU = Debug|Any CPU
		Release|Any CPU = Release|Any CPU
	EndGlobalSection
	GlobalSection(ProjectConfigurationPlatforms) = postSolution
		{52273307-6A01-4850-A5CD-48E923001A82}.Debug|Any CPU.ActiveCfg = Debug|Any CPU
		{52273307-6A01-4850-A5CD-48E923001A82}.Debug|Any CPU.Build.0 = Debug|Any CPU
		{52273307-6A01-4850-A5CD-48E923001A82}.Release|Any CPU.ActiveCfg = Release|Any CPU
		{52273307-6A01-4850-A5CD-48E923001A82}.Release|Any CPU.Build.0 = Release|Any CPU
	EndGlobalSection
	GlobalSection(SolutionProperties) = preSolution
		HideSolutionNode = FALSE
	EndGlobalSection
	GlobalSection(ExtensibilityGlobals) = postSolution
		SolutionGuid = {EB2216A7-3542-467A-8BDF-6DC92F157F74}
	EndGlobalSection
EndGlobal
